// !$*UTF8*$!
{
	archiveVersion = 1;
	classes = {
	};
	objectVersion = 56;
	objects = {

/* Begin PBXBuildFile section */
		3C0F1E945F5E5760D6C19A0A /* Pods_Uber_Practise_App.framework in Frameworks */ = {isa = PBXBuildFile; fileRef = 1DE5ABD6D56FD80F143C9431 /* Pods_Uber_Practise_App.framework */; };
		5123ECA72933F0C7002735C4 /* AppDelegate.swift in Sources */ = {isa = PBXBuildFile; fileRef = 5123ECA62933F0C7002735C4 /* AppDelegate.swift */; };
		5123ECA92933F0C7002735C4 /* SceneDelegate.swift in Sources */ = {isa = PBXBuildFile; fileRef = 5123ECA82933F0C7002735C4 /* SceneDelegate.swift */; };
		5123ECB02933F0C7002735C4 /* Assets.xcassets in Resources */ = {isa = PBXBuildFile; fileRef = 5123ECAF2933F0C7002735C4 /* Assets.xcassets */; };
		5123ECC42933F2C6002735C4 /* LoginController.swift in Sources */ = {isa = PBXBuildFile; fileRef = 5123ECC32933F2C6002735C4 /* LoginController.swift */; };
		5123ECC62933FB30002735C4 /* Extension.swift in Sources */ = {isa = PBXBuildFile; fileRef = 5123ECC52933FB30002735C4 /* Extension.swift */; };
		513EADAF293EF1F100776586 /* Service.swift in Sources */ = {isa = PBXBuildFile; fileRef = 513EADAE293EF1F100776586 /* Service.swift */; };
		513EADB1293EFB9100776586 /* User.swift in Sources */ = {isa = PBXBuildFile; fileRef = 513EADB0293EFB9100776586 /* User.swift */; };
		513EADB3293F136500776586 /* LocationHandler.swift in Sources */ = {isa = PBXBuildFile; fileRef = 513EADB2293F136500776586 /* LocationHandler.swift */; };
		51728EAB2936801D002772FB /* HomeViewController.swift in Sources */ = {isa = PBXBuildFile; fileRef = 51728EAA2936801D002772FB /* HomeViewController.swift */; };
		5189A027294214AF00133FB2 /* DriverMarker.swift in Sources */ = {isa = PBXBuildFile; fileRef = 5189A026294214AF00133FB2 /* DriverMarker.swift */; };
		518AC3C6293686060006D45A /* GoogleService-Info.plist in Resources */ = {isa = PBXBuildFile; fileRef = 518AC3C5293686060006D45A /* GoogleService-Info.plist */; };
		51915B31293E559D00B1FF15 /* LocationInputActivationView.swift in Sources */ = {isa = PBXBuildFile; fileRef = 51915B30293E559D00B1FF15 /* LocationInputActivationView.swift */; };
		51915B33293E63B500B1FF15 /* LocationInputView.swift in Sources */ = {isa = PBXBuildFile; fileRef = 51915B32293E63B500B1FF15 /* LocationInputView.swift */; };
		51931CB3293EE60900169E24 /* LocationCell.swift in Sources */ = {isa = PBXBuildFile; fileRef = 51931CB2293EE60900169E24 /* LocationCell.swift */; };
		51CF1285294259CF00FF3C36 /* SearchQueryResult.swift in Sources */ = {isa = PBXBuildFile; fileRef = 51CF1284294259CF00FF3C36 /* SearchQueryResult.swift */; };
		51E74E6C29365A01009A2105 /* AuthButton.swift in Sources */ = {isa = PBXBuildFile; fileRef = 51E74E6B29365A01009A2105 /* AuthButton.swift */; };
		51FACDEB2935271700A0D5FC /* SignUpController.swift in Sources */ = {isa = PBXBuildFile; fileRef = 51FACDEA2935271700A0D5FC /* SignUpController.swift */; };
/* End PBXBuildFile section */

/* Begin PBXFileReference section */
		1DE5ABD6D56FD80F143C9431 /* Pods_Uber_Practise_App.framework */ = {isa = PBXFileReference; explicitFileType = wrapper.framework; includeInIndex = 0; path = Pods_Uber_Practise_App.framework; sourceTree = BUILT_PRODUCTS_DIR; };
		1FF24BC60D9AD29EBE73C4D3 /* Pods-Uber Practise App.debug.xcconfig */ = {isa = PBXFileReference; includeInIndex = 1; lastKnownFileType = text.xcconfig; name = "Pods-Uber Practise App.debug.xcconfig"; path = "Target Support Files/Pods-Uber Practise App/Pods-Uber Practise App.debug.xcconfig"; sourceTree = "<group>"; };
		21E39EB922D64B469FB23717 /* Pods-Uber Practise App.release.xcconfig */ = {isa = PBXFileReference; includeInIndex = 1; lastKnownFileType = text.xcconfig; name = "Pods-Uber Practise App.release.xcconfig"; path = "Target Support Files/Pods-Uber Practise App/Pods-Uber Practise App.release.xcconfig"; sourceTree = "<group>"; };
		5123ECA32933F0C7002735C4 /* Uber Practise App.app */ = {isa = PBXFileReference; explicitFileType = wrapper.application; includeInIndex = 0; path = "Uber Practise App.app"; sourceTree = BUILT_PRODUCTS_DIR; };
		5123ECA62933F0C7002735C4 /* AppDelegate.swift */ = {isa = PBXFileReference; lastKnownFileType = sourcecode.swift; path = AppDelegate.swift; sourceTree = "<group>"; };
		5123ECA82933F0C7002735C4 /* SceneDelegate.swift */ = {isa = PBXFileReference; lastKnownFileType = sourcecode.swift; path = SceneDelegate.swift; sourceTree = "<group>"; };
		5123ECAF2933F0C7002735C4 /* Assets.xcassets */ = {isa = PBXFileReference; lastKnownFileType = folder.assetcatalog; path = Assets.xcassets; sourceTree = "<group>"; };
		5123ECB42933F0C7002735C4 /* Info.plist */ = {isa = PBXFileReference; lastKnownFileType = text.plist.xml; path = Info.plist; sourceTree = "<group>"; };
		5123ECC32933F2C6002735C4 /* LoginController.swift */ = {isa = PBXFileReference; lastKnownFileType = sourcecode.swift; path = LoginController.swift; sourceTree = "<group>"; };
		5123ECC52933FB30002735C4 /* Extension.swift */ = {isa = PBXFileReference; lastKnownFileType = sourcecode.swift; path = Extension.swift; sourceTree = "<group>"; };
		513EADAE293EF1F100776586 /* Service.swift */ = {isa = PBXFileReference; lastKnownFileType = sourcecode.swift; path = Service.swift; sourceTree = "<group>"; };
		513EADB0293EFB9100776586 /* User.swift */ = {isa = PBXFileReference; lastKnownFileType = sourcecode.swift; path = User.swift; sourceTree = "<group>"; };
		513EADB2293F136500776586 /* LocationHandler.swift */ = {isa = PBXFileReference; lastKnownFileType = sourcecode.swift; path = LocationHandler.swift; sourceTree = "<group>"; };
		51728EAA2936801D002772FB /* HomeViewController.swift */ = {isa = PBXFileReference; lastKnownFileType = sourcecode.swift; path = HomeViewController.swift; sourceTree = "<group>"; };
		5189A026294214AF00133FB2 /* DriverMarker.swift */ = {isa = PBXFileReference; lastKnownFileType = sourcecode.swift; path = DriverMarker.swift; sourceTree = "<group>"; };
		518AC3C5293686060006D45A /* GoogleService-Info.plist */ = {isa = PBXFileReference; fileEncoding = 4; lastKnownFileType = text.plist.xml; path = "GoogleService-Info.plist"; sourceTree = "<group>"; };
		51915B30293E559D00B1FF15 /* LocationInputActivationView.swift */ = {isa = PBXFileReference; lastKnownFileType = sourcecode.swift; path = LocationInputActivationView.swift; sourceTree = "<group>"; };
		51915B32293E63B500B1FF15 /* LocationInputView.swift */ = {isa = PBXFileReference; lastKnownFileType = sourcecode.swift; path = LocationInputView.swift; sourceTree = "<group>"; };
		51931CB2293EE60900169E24 /* LocationCell.swift */ = {isa = PBXFileReference; lastKnownFileType = sourcecode.swift; path = LocationCell.swift; sourceTree = "<group>"; };
		51CF1284294259CF00FF3C36 /* SearchQueryResult.swift */ = {isa = PBXFileReference; lastKnownFileType = sourcecode.swift; path = SearchQueryResult.swift; sourceTree = "<group>"; };
		51E74E6B29365A01009A2105 /* AuthButton.swift */ = {isa = PBXFileReference; lastKnownFileType = sourcecode.swift; path = AuthButton.swift; sourceTree = "<group>"; };
		51FACDEA2935271700A0D5FC /* SignUpController.swift */ = {isa = PBXFileReference; lastKnownFileType = sourcecode.swift; path = SignUpController.swift; sourceTree = "<group>"; };
/* End PBXFileReference section */

/* Begin PBXFrameworksBuildPhase section */
		5123ECA02933F0C7002735C4 /* Frameworks */ = {
			isa = PBXFrameworksBuildPhase;
			buildActionMask = 2147483647;
			files = (
				3C0F1E945F5E5760D6C19A0A /* Pods_Uber_Practise_App.framework in Frameworks */,
			);
			runOnlyForDeploymentPostprocessing = 0;
		};
/* End PBXFrameworksBuildPhase section */

/* Begin PBXGroup section */
		5123EC9A2933F0C7002735C4 = {
			isa = PBXGroup;
			children = (
				5123ECA52933F0C7002735C4 /* Uber Practise App */,
				5123ECA42933F0C7002735C4 /* Products */,
				A34094A8C5BCC8DC3EB733FF /* Pods */,
				518AC3C5293686060006D45A /* GoogleService-Info.plist */,
				74DB94C1E2A5C2CC7B32E340 /* Frameworks */,
			);
			sourceTree = "<group>";
		};
		5123ECA42933F0C7002735C4 /* Products */ = {
			isa = PBXGroup;
			children = (
				5123ECA32933F0C7002735C4 /* Uber Practise App.app */,
			);
			name = Products;
			sourceTree = "<group>";
		};
		5123ECA52933F0C7002735C4 /* Uber Practise App */ = {
			isa = PBXGroup;
			children = (
				5123ECC22933F123002735C4 /* Model */,
				5123ECC12933F121002735C4 /* View */,
				5123ECC02933F120002735C4 /* Controller */,
				5123ECBE2933F11B002735C4 /* Service */,
				5123ECBA2933F104002735C4 /* Utilis */,
				5123ECA62933F0C7002735C4 /* AppDelegate.swift */,
				5123ECA82933F0C7002735C4 /* SceneDelegate.swift */,
				5123ECAF2933F0C7002735C4 /* Assets.xcassets */,
				5123ECB42933F0C7002735C4 /* Info.plist */,
			);
			path = "Uber Practise App";
			sourceTree = "<group>";
		};
		5123ECBA2933F104002735C4 /* Utilis */ = {
			isa = PBXGroup;
			children = (
				5123ECC52933FB30002735C4 /* Extension.swift */,
				513EADB2293F136500776586 /* LocationHandler.swift */,
			);
			path = Utilis;
			sourceTree = "<group>";
		};
		5123ECBE2933F11B002735C4 /* Service */ = {
			isa = PBXGroup;
			children = (
				513EADAE293EF1F100776586 /* Service.swift */,
			);
			path = Service;
			sourceTree = "<group>";
		};
		5123ECC02933F120002735C4 /* Controller */ = {
			isa = PBXGroup;
			children = (
				5123ECC32933F2C6002735C4 /* LoginController.swift */,
				51FACDEA2935271700A0D5FC /* SignUpController.swift */,
				51728EAA2936801D002772FB /* HomeViewController.swift */,
			);
			path = Controller;
			sourceTree = "<group>";
		};
		5123ECC12933F121002735C4 /* View */ = {
			isa = PBXGroup;
			children = (
				51E74E6B29365A01009A2105 /* AuthButton.swift */,
				51915B30293E559D00B1FF15 /* LocationInputActivationView.swift */,
				51915B32293E63B500B1FF15 /* LocationInputView.swift */,
				51931CB2293EE60900169E24 /* LocationCell.swift */,
			);
			path = View;
			sourceTree = "<group>";
		};
		5123ECC22933F123002735C4 /* Model */ = {
			isa = PBXGroup;
			children = (
				513EADB0293EFB9100776586 /* User.swift */,
				5189A026294214AF00133FB2 /* DriverMarker.swift */,
				51CF1284294259CF00FF3C36 /* SearchQueryResult.swift */,
			);
			path = Model;
			sourceTree = "<group>";
		};
		74DB94C1E2A5C2CC7B32E340 /* Frameworks */ = {
			isa = PBXGroup;
			children = (
				1DE5ABD6D56FD80F143C9431 /* Pods_Uber_Practise_App.framework */,
			);
			name = Frameworks;
			sourceTree = "<group>";
		};
		A34094A8C5BCC8DC3EB733FF /* Pods */ = {
			isa = PBXGroup;
			children = (
				1FF24BC60D9AD29EBE73C4D3 /* Pods-Uber Practise App.debug.xcconfig */,
				21E39EB922D64B469FB23717 /* Pods-Uber Practise App.release.xcconfig */,
			);
			path = Pods;
			sourceTree = "<group>";
		};
/* End PBXGroup section */

/* Begin PBXNativeTarget section */
		5123ECA22933F0C7002735C4 /* Uber Practise App */ = {
			isa = PBXNativeTarget;
			buildConfigurationList = 5123ECB72933F0C7002735C4 /* Build configuration list for PBXNativeTarget "Uber Practise App" */;
			buildPhases = (
				B3E6F3FE4B7F5615D2AA95B2 /* [CP] Check Pods Manifest.lock */,
				5123EC9F2933F0C7002735C4 /* Sources */,
				5123ECA02933F0C7002735C4 /* Frameworks */,
				5123ECA12933F0C7002735C4 /* Resources */,
				A7EF05D00FD0D32AF873335C /* [CP] Copy Pods Resources */,
				45BC5624A5C90EF915E686A4 /* [CP] Embed Pods Frameworks */,
			);
			buildRules = (
			);
			dependencies = (
			);
			name = "Uber Practise App";
			productName = "Uber Practise App";
			productReference = 5123ECA32933F0C7002735C4 /* Uber Practise App.app */;
			productType = "com.apple.product-type.application";
		};
/* End PBXNativeTarget section */

/* Begin PBXProject section */
		5123EC9B2933F0C7002735C4 /* Project object */ = {
			isa = PBXProject;
			attributes = {
				BuildIndependentTargetsInParallel = 1;
				LastSwiftUpdateCheck = 1410;
				LastUpgradeCheck = 1410;
				TargetAttributes = {
					5123ECA22933F0C7002735C4 = {
						CreatedOnToolsVersion = 14.1;
					};
				};
			};
			buildConfigurationList = 5123EC9E2933F0C7002735C4 /* Build configuration list for PBXProject "Uber Practise App" */;
			compatibilityVersion = "Xcode 14.0";
			developmentRegion = en;
			hasScannedForEncodings = 0;
			knownRegions = (
				en,
				Base,
			);
			mainGroup = 5123EC9A2933F0C7002735C4;
			productRefGroup = 5123ECA42933F0C7002735C4 /* Products */;
			projectDirPath = "";
			projectRoot = "";
			targets = (
				5123ECA22933F0C7002735C4 /* Uber Practise App */,
			);
		};
/* End PBXProject section */

/* Begin PBXResourcesBuildPhase section */
		5123ECA12933F0C7002735C4 /* Resources */ = {
			isa = PBXResourcesBuildPhase;
			buildActionMask = 2147483647;
			files = (
				5123ECB02933F0C7002735C4 /* Assets.xcassets in Resources */,
				518AC3C6293686060006D45A /* GoogleService-Info.plist in Resources */,
			);
			runOnlyForDeploymentPostprocessing = 0;
		};
/* End PBXResourcesBuildPhase section */

/* Begin PBXShellScriptBuildPhase section */
		45BC5624A5C90EF915E686A4 /* [CP] Embed Pods Frameworks */ = {
			isa = PBXShellScriptBuildPhase;
			buildActionMask = 2147483647;
			files = (
			);
			inputFileListPaths = (
				"${PODS_ROOT}/Target Support Files/Pods-Uber Practise App/Pods-Uber Practise App-frameworks-${CONFIGURATION}-input-files.xcfilelist",
			);
			name = "[CP] Embed Pods Frameworks";
			outputFileListPaths = (
				"${PODS_ROOT}/Target Support Files/Pods-Uber Practise App/Pods-Uber Practise App-frameworks-${CONFIGURATION}-output-files.xcfilelist",
			);
			runOnlyForDeploymentPostprocessing = 0;
			shellPath = /bin/sh;
			shellScript = "\"${PODS_ROOT}/Target Support Files/Pods-Uber Practise App/Pods-Uber Practise App-frameworks.sh\"\n";
			showEnvVarsInLog = 0;
		};
		A7EF05D00FD0D32AF873335C /* [CP] Copy Pods Resources */ = {
			isa = PBXShellScriptBuildPhase;
			buildActionMask = 2147483647;
			files = (
			);
			inputFileListPaths = (
				"${PODS_ROOT}/Target Support Files/Pods-Uber Practise App/Pods-Uber Practise App-resources-${CONFIGURATION}-input-files.xcfilelist",
			);
			name = "[CP] Copy Pods Resources";
			outputFileListPaths = (
				"${PODS_ROOT}/Target Support Files/Pods-Uber Practise App/Pods-Uber Practise App-resources-${CONFIGURATION}-output-files.xcfilelist",
			);
			runOnlyForDeploymentPostprocessing = 0;
			shellPath = /bin/sh;
			shellScript = "\"${PODS_ROOT}/Target Support Files/Pods-Uber Practise App/Pods-Uber Practise App-resources.sh\"\n";
			showEnvVarsInLog = 0;
		};
		B3E6F3FE4B7F5615D2AA95B2 /* [CP] Check Pods Manifest.lock */ = {
			isa = PBXShellScriptBuildPhase;
			buildActionMask = 2147483647;
			files = (
			);
			inputFileListPaths = (
			);
			inputPaths = (
				"${PODS_PODFILE_DIR_PATH}/Podfile.lock",
				"${PODS_ROOT}/Manifest.lock",
			);
			name = "[CP] Check Pods Manifest.lock";
			outputFileListPaths = (
			);
			outputPaths = (
				"$(DERIVED_FILE_DIR)/Pods-Uber Practise App-checkManifestLockResult.txt",
			);
			runOnlyForDeploymentPostprocessing = 0;
			shellPath = /bin/sh;
			shellScript = "diff \"${PODS_PODFILE_DIR_PATH}/Podfile.lock\" \"${PODS_ROOT}/Manifest.lock\" > /dev/null\nif [ $? != 0 ] ; then\n    # print error to STDERR\n    echo \"error: The sandbox is not in sync with the Podfile.lock. Run 'pod install' or update your CocoaPods installation.\" >&2\n    exit 1\nfi\n# This output is used by Xcode 'outputs' to avoid re-running this script phase.\necho \"SUCCESS\" > \"${SCRIPT_OUTPUT_FILE_0}\"\n";
			showEnvVarsInLog = 0;
		};
/* End PBXShellScriptBuildPhase section */

/* Begin PBXSourcesBuildPhase section */
		5123EC9F2933F0C7002735C4 /* Sources */ = {
			isa = PBXSourcesBuildPhase;
			buildActionMask = 2147483647;
			files = (
				51FACDEB2935271700A0D5FC /* SignUpController.swift in Sources */,
				51E74E6C29365A01009A2105 /* AuthButton.swift in Sources */,
				5123ECA72933F0C7002735C4 /* AppDelegate.swift in Sources */,
				51915B33293E63B500B1FF15 /* LocationInputView.swift in Sources */,
				5189A027294214AF00133FB2 /* DriverMarker.swift in Sources */,
				5123ECC42933F2C6002735C4 /* LoginController.swift in Sources */,
				5123ECA92933F0C7002735C4 /* SceneDelegate.swift in Sources */,
				51931CB3293EE60900169E24 /* LocationCell.swift in Sources */,
				513EADB3293F136500776586 /* LocationHandler.swift in Sources */,
				51728EAB2936801D002772FB /* HomeViewController.swift in Sources */,
				513EADB1293EFB9100776586 /* User.swift in Sources */,
				513EADAF293EF1F100776586 /* Service.swift in Sources */,
				51CF1285294259CF00FF3C36 /* SearchQueryResult.swift in Sources */,
				51915B31293E559D00B1FF15 /* LocationInputActivationView.swift in Sources */,
				5123ECC62933FB30002735C4 /* Extension.swift in Sources */,
			);
			runOnlyForDeploymentPostprocessing = 0;
		};
/* End PBXSourcesBuildPhase section */

/* Begin XCBuildConfiguration section */
		5123ECB52933F0C7002735C4 /* Debug */ = {
			isa = XCBuildConfiguration;
			buildSettings = {
				ALWAYS_SEARCH_USER_PATHS = NO;
				CLANG_ANALYZER_NONNULL = YES;
				CLANG_ANALYZER_NUMBER_OBJECT_CONVERSION = YES_AGGRESSIVE;
				CLANG_CXX_LANGUAGE_STANDARD = "gnu++20";
				CLANG_ENABLE_MODULES = YES;
				CLANG_ENABLE_OBJC_ARC = YES;
				CLANG_ENABLE_OBJC_WEAK = YES;
				CLANG_WARN_BLOCK_CAPTURE_AUTORELEASING = YES;
				CLANG_WARN_BOOL_CONVERSION = YES;
				CLANG_WARN_COMMA = YES;
				CLANG_WARN_CONSTANT_CONVERSION = YES;
				CLANG_WARN_DEPRECATED_OBJC_IMPLEMENTATIONS = YES;
				CLANG_WARN_DIRECT_OBJC_ISA_USAGE = YES_ERROR;
				CLANG_WARN_DOCUMENTATION_COMMENTS = YES;
				CLANG_WARN_EMPTY_BODY = YES;
				CLANG_WARN_ENUM_CONVERSION = YES;
				CLANG_WARN_INFINITE_RECURSION = YES;
				CLANG_WARN_INT_CONVERSION = YES;
				CLANG_WARN_NON_LITERAL_NULL_CONVERSION = YES;
				CLANG_WARN_OBJC_IMPLICIT_RETAIN_SELF = YES;
				CLANG_WARN_OBJC_LITERAL_CONVERSION = YES;
				CLANG_WARN_OBJC_ROOT_CLASS = YES_ERROR;
				CLANG_WARN_QUOTED_INCLUDE_IN_FRAMEWORK_HEADER = YES;
				CLANG_WARN_RANGE_LOOP_ANALYSIS = YES;
				CLANG_WARN_STRICT_PROTOTYPES = YES;
				CLANG_WARN_SUSPICIOUS_MOVE = YES;
				CLANG_WARN_UNGUARDED_AVAILABILITY = YES_AGGRESSIVE;
				CLANG_WARN_UNREACHABLE_CODE = YES;
				CLANG_WARN__DUPLICATE_METHOD_MATCH = YES;
				COPY_PHASE_STRIP = NO;
				DEBUG_INFORMATION_FORMAT = dwarf;
				ENABLE_STRICT_OBJC_MSGSEND = YES;
				ENABLE_TESTABILITY = YES;
				GCC_C_LANGUAGE_STANDARD = gnu11;
				GCC_DYNAMIC_NO_PIC = NO;
				GCC_NO_COMMON_BLOCKS = YES;
				GCC_OPTIMIZATION_LEVEL = 0;
				GCC_PREPROCESSOR_DEFINITIONS = (
					"DEBUG=1",
					"$(inherited)",
				);
				GCC_WARN_64_TO_32_BIT_CONVERSION = YES;
				GCC_WARN_ABOUT_RETURN_TYPE = YES_ERROR;
				GCC_WARN_UNDECLARED_SELECTOR = YES;
				GCC_WARN_UNINITIALIZED_AUTOS = YES_AGGRESSIVE;
				GCC_WARN_UNUSED_FUNCTION = YES;
				GCC_WARN_UNUSED_VARIABLE = YES;
				IPHONEOS_DEPLOYMENT_TARGET = 16.1;
				MTL_ENABLE_DEBUG_INFO = INCLUDE_SOURCE;
				MTL_FAST_MATH = YES;
				ONLY_ACTIVE_ARCH = YES;
				SDKROOT = iphoneos;
				SWIFT_ACTIVE_COMPILATION_CONDITIONS = DEBUG;
				SWIFT_OPTIMIZATION_LEVEL = "-Onone";
			};
			name = Debug;
		};
		5123ECB62933F0C7002735C4 /* Release */ = {
			isa = XCBuildConfiguration;
			buildSettings = {
				ALWAYS_SEARCH_USER_PATHS = NO;
				CLANG_ANALYZER_NONNULL = YES;
				CLANG_ANALYZER_NUMBER_OBJECT_CONVERSION = YES_AGGRESSIVE;
				CLANG_CXX_LANGUAGE_STANDARD = "gnu++20";
				CLANG_ENABLE_MODULES = YES;
				CLANG_ENABLE_OBJC_ARC = YES;
				CLANG_ENABLE_OBJC_WEAK = YES;
				CLANG_WARN_BLOCK_CAPTURE_AUTORELEASING = YES;
				CLANG_WARN_BOOL_CONVERSION = YES;
				CLANG_WARN_COMMA = YES;
				CLANG_WARN_CONSTANT_CONVERSION = YES;
				CLANG_WARN_DEPRECATED_OBJC_IMPLEMENTATIONS = YES;
				CLANG_WARN_DIRECT_OBJC_ISA_USAGE = YES_ERROR;
				CLANG_WARN_DOCUMENTATION_COMMENTS = YES;
				CLANG_WARN_EMPTY_BODY = YES;
				CLANG_WARN_ENUM_CONVERSION = YES;
				CLANG_WARN_INFINITE_RECURSION = YES;
				CLANG_WARN_INT_CONVERSION = YES;
				CLANG_WARN_NON_LITERAL_NULL_CONVERSION = YES;
				CLANG_WARN_OBJC_IMPLICIT_RETAIN_SELF = YES;
				CLANG_WARN_OBJC_LITERAL_CONVERSION = YES;
				CLANG_WARN_OBJC_ROOT_CLASS = YES_ERROR;
				CLANG_WARN_QUOTED_INCLUDE_IN_FRAMEWORK_HEADER = YES;
				CLANG_WARN_RANGE_LOOP_ANALYSIS = YES;
				CLANG_WARN_STRICT_PROTOTYPES = YES;
				CLANG_WARN_SUSPICIOUS_MOVE = YES;
				CLANG_WARN_UNGUARDED_AVAILABILITY = YES_AGGRESSIVE;
				CLANG_WARN_UNREACHABLE_CODE = YES;
				CLANG_WARN__DUPLICATE_METHOD_MATCH = YES;
				COPY_PHASE_STRIP = NO;
				DEBUG_INFORMATION_FORMAT = "dwarf-with-dsym";
				ENABLE_NS_ASSERTIONS = NO;
				ENABLE_STRICT_OBJC_MSGSEND = YES;
				GCC_C_LANGUAGE_STANDARD = gnu11;
				GCC_NO_COMMON_BLOCKS = YES;
				GCC_WARN_64_TO_32_BIT_CONVERSION = YES;
				GCC_WARN_ABOUT_RETURN_TYPE = YES_ERROR;
				GCC_WARN_UNDECLARED_SELECTOR = YES;
				GCC_WARN_UNINITIALIZED_AUTOS = YES_AGGRESSIVE;
				GCC_WARN_UNUSED_FUNCTION = YES;
				GCC_WARN_UNUSED_VARIABLE = YES;
				IPHONEOS_DEPLOYMENT_TARGET = 16.1;
				MTL_ENABLE_DEBUG_INFO = NO;
				MTL_FAST_MATH = YES;
				SDKROOT = iphoneos;
				SWIFT_COMPILATION_MODE = wholemodule;
				SWIFT_OPTIMIZATION_LEVEL = "-O";
				VALIDATE_PRODUCT = YES;
			};
			name = Release;
		};
		5123ECB82933F0C7002735C4 /* Debug */ = {
			isa = XCBuildConfiguration;
			baseConfigurationReference = 1FF24BC60D9AD29EBE73C4D3 /* Pods-Uber Practise App.debug.xcconfig */;
			buildSettings = {
				ASSETCATALOG_COMPILER_APPICON_NAME = AppIcon;
				ASSETCATALOG_COMPILER_GLOBAL_ACCENT_COLOR_NAME = AccentColor;
				CODE_SIGN_STYLE = Automatic;
				CURRENT_PROJECT_VERSION = 1;
				DEVELOPMENT_TEAM = 43L658SZQH;
				GENERATE_INFOPLIST_FILE = YES;
				INFOPLIST_FILE = "Uber Practise App/Info.plist";
				INFOPLIST_KEY_NSLocationAlwaysAndWhenInUseUsageDescription = "We want your location";
				INFOPLIST_KEY_NSLocationAlwaysUsageDescription = "We want your location";
				INFOPLIST_KEY_NSLocationWhenInUseUsageDescription = "We want your location";
				INFOPLIST_KEY_UIApplicationSupportsIndirectInputEvents = YES;
				INFOPLIST_KEY_UILaunchStoryboardName = LaunchScreen;
				INFOPLIST_KEY_UISupportedInterfaceOrientations_iPad = "UIInterfaceOrientationPortrait UIInterfaceOrientationPortraitUpsideDown UIInterfaceOrientationLandscapeLeft UIInterfaceOrientationLandscapeRight";
				INFOPLIST_KEY_UISupportedInterfaceOrientations_iPhone = "UIInterfaceOrientationPortrait UIInterfaceOrientationLandscapeLeft UIInterfaceOrientationLandscapeRight";
				IPHONEOS_DEPLOYMENT_TARGET = 15.0;
				LD_RUNPATH_SEARCH_PATHS = (
					"$(inherited)",
					"@executable_path/Frameworks",
				);
				MARKETING_VERSION = 1.0;
				PRODUCT_BUNDLE_IDENTIFIER = "shubham.kashyap.Uber-Practise-App";
				PRODUCT_NAME = "$(TARGET_NAME)";
				SWIFT_EMIT_LOC_STRINGS = YES;
				SWIFT_VERSION = 5.0;
				TARGETED_DEVICE_FAMILY = "1,2";
			};
			name = Debug;
		};
		5123ECB92933F0C7002735C4 /* Release */ = {
			isa = XCBuildConfiguration;
			baseConfigurationReference = 21E39EB922D64B469FB23717 /* Pods-Uber Practise App.release.xcconfig */;
			buildSettings = {
				ASSETCATALOG_COMPILER_APPICON_NAME = AppIcon;
				ASSETCATALOG_COMPILER_GLOBAL_ACCENT_COLOR_NAME = AccentColor;
				CODE_SIGN_STYLE = Automatic;
				CURRENT_PROJECT_VERSION = 1;
				DEVELOPMENT_TEAM = 43L658SZQH;
				GENERATE_INFOPLIST_FILE = YES;
				INFOPLIST_FILE = "Uber Practise App/Info.plist";
				INFOPLIST_KEY_NSLocationAlwaysAndWhenInUseUsageDescription = "We want your location";
				INFOPLIST_KEY_NSLocationAlwaysUsageDescription = "We want your location";
				INFOPLIST_KEY_NSLocationWhenInUseUsageDescription = "We want your location";
				INFOPLIST_KEY_UIApplicationSupportsIndirectInputEvents = YES;
				INFOPLIST_KEY_UILaunchStoryboardName = LaunchScreen;
				INFOPLIST_KEY_UISupportedInterfaceOrientations_iPad = "UIInterfaceOrientationPortrait UIInterfaceOrientationPortraitUpsideDown UIInterfaceOrientationLandscapeLeft UIInterfaceOrientationLandscapeRight";
				INFOPLIST_KEY_UISupportedInterfaceOrientations_iPhone = "UIInterfaceOrientationPortrait UIInterfaceOrientationLandscapeLeft UIInterfaceOrientationLandscapeRight";
				IPHONEOS_DEPLOYMENT_TARGET = 15.0;
				LD_RUNPATH_SEARCH_PATHS = (
					"$(inherited)",
					"@executable_path/Frameworks",
				);
				MARKETING_VERSION = 1.0;
				PRODUCT_BUNDLE_IDENTIFIER = "shubham.kashyap.Uber-Practise-App";
				PRODUCT_NAME = "$(TARGET_NAME)";
				SWIFT_EMIT_LOC_STRINGS = YES;
				SWIFT_VERSION = 5.0;
				TARGETED_DEVICE_FAMILY = "1,2";
			};
			name = Release;
		};
/* End XCBuildConfiguration section */

/* Begin XCConfigurationList section */
		5123EC9E2933F0C7002735C4 /* Build configuration list for PBXProject "Uber Practise App" */ = {
			isa = XCConfigurationList;
			buildConfigurations = (
				5123ECB52933F0C7002735C4 /* Debug */,
				5123ECB62933F0C7002735C4 /* Release */,
			);
			defaultConfigurationIsVisible = 0;
			defaultConfigurationName = Release;
		};
		5123ECB72933F0C7002735C4 /* Build configuration list for PBXNativeTarget "Uber Practise App" */ = {
			isa = XCConfigurationList;
			buildConfigurations = (
				5123ECB82933F0C7002735C4 /* Debug */,
				5123ECB92933F0C7002735C4 /* Release */,
			);
			defaultConfigurationIsVisible = 0;
			defaultConfigurationName = Release;
		};
/* End XCConfigurationList section */
	};
	rootObject = 5123EC9B2933F0C7002735C4 /* Project object */;
}
